
Microsoft Visual Studio Solution File, Format Version 12.00
# Visual Studio Version 16
VisualStudioVersion = 16.0.29215.179
MinimumVisualStudioVersion = 10.0.40219.1
Project("{9A19103F-16F7-4668-BE54-9A1E7A4F7556}") = "WebApplication8", "WebApplication8\WebApplication8.csproj", "{9FE64ACF-15EC-479E-A4D8-A3C262E8FCF2}"
EndProject
Global
	GlobalSection(SolutionConfigurationPlatforms) = preSolution
		Debug|Any CPU = Debug|Any CPU
		Release|Any CPU = Release|Any CPU
	EndGlobalSection
	GlobalSection(ProjectConfigurationPlatforms) = postSolution
		{9FE64ACF-15EC-479E-A4D8-A3C262E8FCF2}.Debug|Any CPU.ActiveCfg = Debug|Any CPU
		{9FE64ACF-15EC-479E-A4D8-A3C262E8FCF2}.Debug|Any CPU.Build.0 = Debug|Any CPU
		{9FE64ACF-15EC-479E-A4D8-A3C262E8FCF2}.Release|Any CPU.ActiveCfg = Release|Any CPU
		{9FE64ACF-15EC-479E-A4D8-A3C262E8FCF2}.Release|Any CPU.Build.0 = Release|Any CPU
	EndGlobalSection
	GlobalSection(SolutionProperties) = preSolution
		HideSolutionNode = FALSE
	EndGlobalSection
	GlobalSection(ExtensibilityGlobals) = postSolution
		SolutionGuid = {605EA2A3-AFDC-4218-954E-824974E0F85F}
	EndGlobalSection
EndGlobal
